// !$*UTF8*$!
{
	archiveVersion = 1;
	classes = {
	};
	objectVersion = 46;
	objects = {

/* Begin PBXBuildFile section */
		4495B58F1F18AA24001FBA13 /* unjail.m in Sources */ = {isa = PBXBuildFile; fileRef = 4495B58E1F18AA24001FBA13 /* unjail.m */; };
		4495B59B1F18ABA9001FBA13 /* AppDelegate.swift in Sources */ = {isa = PBXBuildFile; fileRef = 4495B5901F18ABA9001FBA13 /* AppDelegate.swift */; };
		4495B59C1F18ABA9001FBA13 /* Device.swift in Sources */ = {isa = PBXBuildFile; fileRef = 4495B5911F18ABA9001FBA13 /* Device.swift */; };
		4495B59D1F18ABA9001FBA13 /* DrawerToggleView.swift in Sources */ = {isa = PBXBuildFile; fileRef = 4495B5921F18ABA9001FBA13 /* DrawerToggleView.swift */; };
		4495B59E1F18ABA9001FBA13 /* JailbreakStatus.swift in Sources */ = {isa = PBXBuildFile; fileRef = 4495B5941F18ABA9001FBA13 /* JailbreakStatus.swift */; };
		4495B59F1F18ABA9001FBA13 /* ProgressCircleView.swift in Sources */ = {isa = PBXBuildFile; fileRef = 4495B5951F18ABA9001FBA13 /* ProgressCircleView.swift */; };
		4495B5A11F18ABA9001FBA13 /* ProgressView.swift in Sources */ = {isa = PBXBuildFile; fileRef = 4495B5971F18ABA9001FBA13 /* ProgressView.swift */; };
		4495B5A21F18ABA9001FBA13 /* SexyFillButton.swift in Sources */ = {isa = PBXBuildFile; fileRef = 4495B5981F18ABA9001FBA13 /* SexyFillButton.swift */; };
		4495B5A31F18ABA9001FBA13 /* UIApplication+GracefulExit.swift in Sources */ = {isa = PBXBuildFile; fileRef = 4495B5991F18ABA9001FBA13 /* UIApplication+GracefulExit.swift */; };
		4495B5A41F18ABA9001FBA13 /* ViewController.swift in Sources */ = {isa = PBXBuildFile; fileRef = 4495B59A1F18ABA9001FBA13 /* ViewController.swift */; };
		4495B5A71F18ABFD001FBA13 /* LaunchScreen.storyboard in Resources */ = {isa = PBXBuildFile; fileRef = 4495B5A51F18ABFD001FBA13 /* LaunchScreen.storyboard */; };
		4495B5A81F18ABFD001FBA13 /* Main.storyboard in Resources */ = {isa = PBXBuildFile; fileRef = 4495B5A61F18ABFD001FBA13 /* Main.storyboard */; };
		4495B5BC1F18B11C001FBA13 /* ProgressState.swift in Sources */ = {isa = PBXBuildFile; fileRef = 4495B5961F18ABA9001FBA13 /* ProgressState.swift */; };
		4495B5C11F18B8F5001FBA13 /* bootstrap_nocydia.tar in Resources */ = {isa = PBXBuildFile; fileRef = 4495B5C01F18B8F5001FBA13 /* bootstrap_nocydia.tar */; };
		EA1A3B9D1E391C4F009CA025 /* patchfinder64.o in Frameworks */ = {isa = PBXBuildFile; fileRef = EA1A3B9C1E391C4F009CA025 /* patchfinder64.o */; };
		EA1A3BA81E398E33009CA025 /* 0.reload.plist in Resources */ = {isa = PBXBuildFile; fileRef = EA1A3BA61E398E33009CA025 /* 0.reload.plist */; };
		EA1A3BAD1E399006009CA025 /* reload in Resources */ = {isa = PBXBuildFile; fileRef = EA1A3BAC1E399006009CA025 /* reload */; };
		EA1A3BC51E39D1FF009CA025 /* Assets.xcassets in Resources */ = {isa = PBXBuildFile; fileRef = EA1A3BC41E39D1FF009CA025 /* Assets.xcassets */; };
		EA9901041E219C210056FEBD /* offsets.c in Sources */ = {isa = PBXBuildFile; fileRef = EA9901021E219C210056FEBD /* offsets.c */; };
		EA9901061E219FF10056FEBD /* bootstrap.tar in Resources */ = {isa = PBXBuildFile; fileRef = EA9901051E219FF10056FEBD /* bootstrap.tar */; };
		EA99010A1E21A04C0056FEBD /* tar in Resources */ = {isa = PBXBuildFile; fileRef = EA9901091E21A04C0056FEBD /* tar */; };
		EA99010C1E21A0520056FEBD /* launchctl in Resources */ = {isa = PBXBuildFile; fileRef = EA99010B1E21A0520056FEBD /* launchctl */; };
		EA99010E1E21A1560056FEBD /* jailbreak.m in Sources */ = {isa = PBXBuildFile; fileRef = EA99010D1E21A1560056FEBD /* jailbreak.m */; };
		EA9901141E21A1B00056FEBD /* iokitmig64.o in Frameworks */ = {isa = PBXBuildFile; fileRef = EA9901131E21A1B00056FEBD /* iokitmig64.o */; };
		EA9901171E21A1D90056FEBD /* devicesupport.m in Sources */ = {isa = PBXBuildFile; fileRef = EA9901161E21A1D90056FEBD /* devicesupport.m */; };
		EA9901191E21A2180056FEBD /* IOKit.tbd in Frameworks */ = {isa = PBXBuildFile; fileRef = EA9901181E21A2180056FEBD /* IOKit.tbd */; };
		EAA7F7C71E3EE4AF00BE3C64 /* dropbear.plist in Resources */ = {isa = PBXBuildFile; fileRef = EAA7F7C61E3EE4AF00BE3C64 /* dropbear.plist */; };
/* End PBXBuildFile section */

/* Begin PBXFileReference section */
		4495B58D1F18AA17001FBA13 /* unjail.h */ = {isa = PBXFileReference; lastKnownFileType = sourcecode.c.h; path = unjail.h; sourceTree = "<group>"; };
		4495B58E1F18AA24001FBA13 /* unjail.m */ = {isa = PBXFileReference; fileEncoding = 4; lastKnownFileType = sourcecode.c.objc; path = unjail.m; sourceTree = "<group>"; };
		4495B5901F18ABA9001FBA13 /* AppDelegate.swift */ = {isa = PBXFileReference; fileEncoding = 4; lastKnownFileType = sourcecode.swift; path = AppDelegate.swift; sourceTree = "<group>"; };
		4495B5911F18ABA9001FBA13 /* Device.swift */ = {isa = PBXFileReference; fileEncoding = 4; lastKnownFileType = sourcecode.swift; path = Device.swift; sourceTree = "<group>"; };
		4495B5921F18ABA9001FBA13 /* DrawerToggleView.swift */ = {isa = PBXFileReference; fileEncoding = 4; lastKnownFileType = sourcecode.swift; path = DrawerToggleView.swift; sourceTree = "<group>"; };
		4495B5941F18ABA9001FBA13 /* JailbreakStatus.swift */ = {isa = PBXFileReference; fileEncoding = 4; lastKnownFileType = sourcecode.swift; path = JailbreakStatus.swift; sourceTree = "<group>"; };
		4495B5951F18ABA9001FBA13 /* ProgressCircleView.swift */ = {isa = PBXFileReference; fileEncoding = 4; lastKnownFileType = sourcecode.swift; path = ProgressCircleView.swift; sourceTree = "<group>"; };
		4495B5961F18ABA9001FBA13 /* ProgressState.swift */ = {isa = PBXFileReference; fileEncoding = 4; lastKnownFileType = sourcecode.swift; path = ProgressState.swift; sourceTree = "<group>"; };
		4495B5971F18ABA9001FBA13 /* ProgressView.swift */ = {isa = PBXFileReference; fileEncoding = 4; lastKnownFileType = sourcecode.swift; path = ProgressView.swift; sourceTree = "<group>"; };
		4495B5981F18ABA9001FBA13 /* SexyFillButton.swift */ = {isa = PBXFileReference; fileEncoding = 4; lastKnownFileType = sourcecode.swift; path = SexyFillButton.swift; sourceTree = "<group>"; };
		4495B5991F18ABA9001FBA13 /* UIApplication+GracefulExit.swift */ = {isa = PBXFileReference; fileEncoding = 4; lastKnownFileType = sourcecode.swift; path = "UIApplication+GracefulExit.swift"; sourceTree = "<group>"; };
		4495B59A1F18ABA9001FBA13 /* ViewController.swift */ = {isa = PBXFileReference; fileEncoding = 4; lastKnownFileType = sourcecode.swift; path = ViewController.swift; sourceTree = "<group>"; };
		4495B5A51F18ABFD001FBA13 /* LaunchScreen.storyboard */ = {isa = PBXFileReference; fileEncoding = 4; lastKnownFileType = file.storyboard; path = LaunchScreen.storyboard; sourceTree = "<group>"; };
		4495B5A61F18ABFD001FBA13 /* Main.storyboard */ = {isa = PBXFileReference; fileEncoding = 4; lastKnownFileType = file.storyboard; path = Main.storyboard; sourceTree = "<group>"; };
		4495B5AC1F18AD09001FBA13 /* yalu102-Bridging-Header.h */ = {isa = PBXFileReference; lastKnownFileType = sourcecode.c.h; path = "yalu102-Bridging-Header.h"; sourceTree = "<group>"; };
		4495B5BE1F18B708001FBA13 /* AVFoundation.framework */ = {isa = PBXFileReference; lastKnownFileType = wrapper.framework; name = AVFoundation.framework; path = System/Library/Frameworks/AVFoundation.framework; sourceTree = SDKROOT; };
		4495B5C01F18B8F5001FBA13 /* bootstrap_nocydia.tar */ = {isa = PBXFileReference; lastKnownFileType = archive.tar; path = bootstrap_nocydia.tar; sourceTree = "<group>"; };
		EA1A3B9B1E38BBDB009CA025 /* patchfinder64.h */ = {isa = PBXFileReference; lastKnownFileType = sourcecode.c.h; path = patchfinder64.h; sourceTree = "<group>"; };
		EA1A3B9C1E391C4F009CA025 /* patchfinder64.o */ = {isa = PBXFileReference; lastKnownFileType = "compiled.mach-o.objfile"; path = patchfinder64.o; sourceTree = "<group>"; };
		EA1A3BA61E398E33009CA025 /* 0.reload.plist */ = {isa = PBXFileReference; fileEncoding = 4; lastKnownFileType = text.plist.xml; path = 0.reload.plist; sourceTree = "<group>"; };
		EA1A3BAC1E399006009CA025 /* reload */ = {isa = PBXFileReference; lastKnownFileType = text.script.sh; path = reload; sourceTree = "<group>"; };
		EA1A3BC41E39D1FF009CA025 /* Assets.xcassets */ = {isa = PBXFileReference; lastKnownFileType = folder.assetcatalog; path = Assets.xcassets; sourceTree = "<group>"; };
		EA9900E31E1E9F060056FEBD /* yalu102.app */ = {isa = PBXFileReference; explicitFileType = wrapper.application; includeInIndex = 0; path = yalu102.app; sourceTree = BUILT_PRODUCTS_DIR; };
		EA9900F71E1E9F060056FEBD /* Info.plist */ = {isa = PBXFileReference; lastKnownFileType = text.plist.xml; path = Info.plist; sourceTree = "<group>"; };
		EA9901021E219C210056FEBD /* offsets.c */ = {isa = PBXFileReference; fileEncoding = 4; lastKnownFileType = sourcecode.c.c; path = offsets.c; sourceTree = "<group>"; };
		EA9901031E219C210056FEBD /* offsets.h */ = {isa = PBXFileReference; fileEncoding = 4; lastKnownFileType = sourcecode.c.h; path = offsets.h; sourceTree = "<group>"; };
		EA9901051E219FF10056FEBD /* bootstrap.tar */ = {isa = PBXFileReference; lastKnownFileType = archive.tar; path = bootstrap.tar; sourceTree = "<group>"; };
		EA9901091E21A04C0056FEBD /* tar */ = {isa = PBXFileReference; lastKnownFileType = "compiled.mach-o.executable"; path = tar; sourceTree = "<group>"; };
		EA99010B1E21A0520056FEBD /* launchctl */ = {isa = PBXFileReference; lastKnownFileType = "compiled.mach-o.executable"; path = launchctl; sourceTree = "<group>"; };
		EA99010D1E21A1560056FEBD /* jailbreak.m */ = {isa = PBXFileReference; fileEncoding = 4; lastKnownFileType = sourcecode.c.objc; path = jailbreak.m; sourceTree = "<group>"; };
		EA99010F1E21A1A00056FEBD /* pte_stuff.h */ = {isa = PBXFileReference; fileEncoding = 4; lastKnownFileType = sourcecode.c.h; path = pte_stuff.h; sourceTree = "<group>"; };
		EA9901131E21A1B00056FEBD /* iokitmig64.o */ = {isa = PBXFileReference; lastKnownFileType = "compiled.mach-o.objfile"; path = iokitmig64.o; sourceTree = "<group>"; };
		EA9901151E21A1D90056FEBD /* devicesupport.h */ = {isa = PBXFileReference; fileEncoding = 4; lastKnownFileType = sourcecode.c.h; path = devicesupport.h; sourceTree = "<group>"; };
		EA9901161E21A1D90056FEBD /* devicesupport.m */ = {isa = PBXFileReference; fileEncoding = 4; lastKnownFileType = sourcecode.c.objc; path = devicesupport.m; sourceTree = "<group>"; };
		EA9901181E21A2180056FEBD /* IOKit.tbd */ = {isa = PBXFileReference; fileEncoding = 4; lastKnownFileType = "sourcecode.text-based-dylib-definition"; path = IOKit.tbd; sourceTree = "<group>"; };
		EAA7F7C61E3EE4AF00BE3C64 /* dropbear.plist */ = {isa = PBXFileReference; explicitFileType = file.bplist; path = dropbear.plist; sourceTree = "<group>"; };
/* End PBXFileReference section */

/* Begin PBXFrameworksBuildPhase section */
		EA9900E01E1E9F060056FEBD /* Frameworks */ = {
			isa = PBXFrameworksBuildPhase;
			buildActionMask = 2147483647;
			files = (
				EA9901141E21A1B00056FEBD /* iokitmig64.o in Frameworks */,
				EA1A3B9D1E391C4F009CA025 /* patchfinder64.o in Frameworks */,
				EA9901191E21A2180056FEBD /* IOKit.tbd in Frameworks */,
			);
			runOnlyForDeploymentPostprocessing = 0;
		};
/* End PBXFrameworksBuildPhase section */

/* Begin PBXGroup section */
		4495B5BD1F18B708001FBA13 /* Frameworks */ = {
			isa = PBXGroup;
			children = (
				4495B5BE1F18B708001FBA13 /* AVFoundation.framework */,
			);
			name = Frameworks;
			sourceTree = "<group>";
		};
		EA9900DA1E1E9F060056FEBD = {
			isa = PBXGroup;
			children = (
				EA9900E51E1E9F060056FEBD /* yalu102 */,
				EA9900E41E1E9F060056FEBD /* Products */,
				4495B5BD1F18B708001FBA13 /* Frameworks */,
			);
			sourceTree = "<group>";
		};
		EA9900E41E1E9F060056FEBD /* Products */ = {
			isa = PBXGroup;
			children = (
				EA9900E31E1E9F060056FEBD /* yalu102.app */,
			);
			name = Products;
			sourceTree = "<group>";
		};
		EA9900E51E1E9F060056FEBD /* yalu102 */ = {
			isa = PBXGroup;
			children = (
				4495B5901F18ABA9001FBA13 /* AppDelegate.swift */,
				4495B5911F18ABA9001FBA13 /* Device.swift */,
				4495B5921F18ABA9001FBA13 /* DrawerToggleView.swift */,
				4495B5941F18ABA9001FBA13 /* JailbreakStatus.swift */,
				4495B5951F18ABA9001FBA13 /* ProgressCircleView.swift */,
				4495B5961F18ABA9001FBA13 /* ProgressState.swift */,
				4495B5971F18ABA9001FBA13 /* ProgressView.swift */,
				4495B5981F18ABA9001FBA13 /* SexyFillButton.swift */,
				4495B5991F18ABA9001FBA13 /* UIApplication+GracefulExit.swift */,
				4495B59A1F18ABA9001FBA13 /* ViewController.swift */,
				EAA7F7C61E3EE4AF00BE3C64 /* dropbear.plist */,
				EA1A3B9B1E38BBDB009CA025 /* patchfinder64.h */,
				EA9901021E219C210056FEBD /* offsets.c */,
				EA9901031E219C210056FEBD /* offsets.h */,
				EA99010D1E21A1560056FEBD /* jailbreak.m */,
				4495B5A51F18ABFD001FBA13 /* LaunchScreen.storyboard */,
				4495B5A61F18ABFD001FBA13 /* Main.storyboard */,
				EA1A3BA61E398E33009CA025 /* 0.reload.plist */,
				EA1A3BAC1E399006009CA025 /* reload */,
				EA9900F71E1E9F060056FEBD /* Info.plist */,
				EA9901051E219FF10056FEBD /* bootstrap.tar */,
				4495B5C01F18B8F5001FBA13 /* bootstrap_nocydia.tar */,
				EA9901091E21A04C0056FEBD /* tar */,
				EA99010B1E21A0520056FEBD /* launchctl */,
				EA9901131E21A1B00056FEBD /* iokitmig64.o */,
				EA1A3B9C1E391C4F009CA025 /* patchfinder64.o */,
				EA99010F1E21A1A00056FEBD /* pte_stuff.h */,
				EA1A3BC41E39D1FF009CA025 /* Assets.xcassets */,
				EA9901181E21A2180056FEBD /* IOKit.tbd */,
				EA9901151E21A1D90056FEBD /* devicesupport.h */,
				EA9901161E21A1D90056FEBD /* devicesupport.m */,
				EA9900E61E1E9F060056FEBD /* Supporting Files */,
				4495B58D1F18AA17001FBA13 /* unjail.h */,
				4495B58E1F18AA24001FBA13 /* unjail.m */,
				4495B5AC1F18AD09001FBA13 /* yalu102-Bridging-Header.h */,
			);
			path = yalu102;
			sourceTree = "<group>";
		};
		EA9900E61E1E9F060056FEBD /* Supporting Files */ = {
			isa = PBXGroup;
			children = (
			);
			name = "Supporting Files";
			sourceTree = "<group>";
		};
/* End PBXGroup section */

/* Begin PBXNativeTarget section */
		EA9900E21E1E9F060056FEBD /* yalu102 */ = {
			isa = PBXNativeTarget;
			buildConfigurationList = EA9900FA1E1E9F060056FEBD /* Build configuration list for PBXNativeTarget "yalu102" */;
			buildPhases = (
				EA9900DF1E1E9F060056FEBD /* Sources */,
				EA9900E01E1E9F060056FEBD /* Frameworks */,
				EA9900E11E1E9F060056FEBD /* Resources */,
			);
			buildRules = (
			);
			dependencies = (
			);
			name = yalu102;
			productName = yalu102;
			productReference = EA9900E31E1E9F060056FEBD /* yalu102.app */;
			productType = "com.apple.product-type.application";
		};
/* End PBXNativeTarget section */

/* Begin PBXProject section */
		EA9900DB1E1E9F060056FEBD /* Project object */ = {
			isa = PBXProject;
			attributes = {
				LastUpgradeCheck = 0820;
				ORGANIZATIONNAME = kimjongcracks;
				TargetAttributes = {
					EA9900E21E1E9F060056FEBD = {
						CreatedOnToolsVersion = 8.2.1;
						DevelopmentTeam = SJDBF6FZ2C;
						LastSwiftMigration = 0830;
						ProvisioningStyle = Automatic;
					};
				};
			};
			buildConfigurationList = EA9900DE1E1E9F060056FEBD /* Build configuration list for PBXProject "yalu102" */;
			compatibilityVersion = "Xcode 3.2";
			developmentRegion = English;
			hasScannedForEncodings = 0;
			knownRegions = (
				en,
				Base,
			);
			mainGroup = EA9900DA1E1E9F060056FEBD;
			productRefGroup = EA9900E41E1E9F060056FEBD /* Products */;
			projectDirPath = "";
			projectRoot = "";
			targets = (
				EA9900E21E1E9F060056FEBD /* yalu102 */,
			);
		};
/* End PBXProject section */

/* Begin PBXResourcesBuildPhase section */
		EA9900E11E1E9F060056FEBD /* Resources */ = {
			isa = PBXResourcesBuildPhase;
			buildActionMask = 2147483647;
			files = (
				EA99010A1E21A04C0056FEBD /* tar in Resources */,
				4495B5A71F18ABFD001FBA13 /* LaunchScreen.storyboard in Resources */,
				4495B5C11F18B8F5001FBA13 /* bootstrap_nocydia.tar in Resources */,
				EA99010C1E21A0520056FEBD /* launchctl in Resources */,
				EA9901061E219FF10056FEBD /* bootstrap.tar in Resources */,
				EA1A3BA81E398E33009CA025 /* 0.reload.plist in Resources */,
				EAA7F7C71E3EE4AF00BE3C64 /* dropbear.plist in Resources */,
				4495B5A81F18ABFD001FBA13 /* Main.storyboard in Resources */,
				EA1A3BAD1E399006009CA025 /* reload in Resources */,
				EA1A3BC51E39D1FF009CA025 /* Assets.xcassets in Resources */,
			);
			runOnlyForDeploymentPostprocessing = 0;
		};
/* End PBXResourcesBuildPhase section */

/* Begin PBXSourcesBuildPhase section */
		EA9900DF1E1E9F060056FEBD /* Sources */ = {
			isa = PBXSourcesBuildPhase;
			buildActionMask = 2147483647;
			files = (
				4495B5BC1F18B11C001FBA13 /* ProgressState.swift in Sources */,
				4495B5A11F18ABA9001FBA13 /* ProgressView.swift in Sources */,
				4495B59F1F18ABA9001FBA13 /* ProgressCircleView.swift in Sources */,
				4495B5A31F18ABA9001FBA13 /* UIApplication+GracefulExit.swift in Sources */,
				4495B59E1F18ABA9001FBA13 /* JailbreakStatus.swift in Sources */,
				4495B5A41F18ABA9001FBA13 /* ViewController.swift in Sources */,
				4495B59C1F18ABA9001FBA13 /* Device.swift in Sources */,
				4495B59B1F18ABA9001FBA13 /* AppDelegate.swift in Sources */,
				EA9901041E219C210056FEBD /* offsets.c in Sources */,
				EA9901171E21A1D90056FEBD /* devicesupport.m in Sources */,
				4495B59D1F18ABA9001FBA13 /* DrawerToggleView.swift in Sources */,
				EA99010E1E21A1560056FEBD /* jailbreak.m in Sources */,
				4495B5A21F18ABA9001FBA13 /* SexyFillButton.swift in Sources */,
				4495B58F1F18AA24001FBA13 /* unjail.m in Sources */,
			);
			runOnlyForDeploymentPostprocessing = 0;
		};
/* End PBXSourcesBuildPhase section */

/* Begin XCBuildConfiguration section */
		EA9900F81E1E9F060056FEBD /* Debug */ = {
			isa = XCBuildConfiguration;
			buildSettings = {
				ALWAYS_SEARCH_USER_PATHS = NO;
				ARCHS = armv7;
				CLANG_ANALYZER_NONNULL = YES;
				CLANG_CXX_LANGUAGE_STANDARD = "gnu++0x";
				CLANG_CXX_LIBRARY = "libc++";
				CLANG_ENABLE_MODULES = YES;
				CLANG_ENABLE_OBJC_ARC = YES;
				CLANG_WARN_BOOL_CONVERSION = YES;
				CLANG_WARN_CONSTANT_CONVERSION = YES;
				CLANG_WARN_DIRECT_OBJC_ISA_USAGE = YES_ERROR;
				CLANG_WARN_DOCUMENTATION_COMMENTS = YES;
				CLANG_WARN_EMPTY_BODY = YES;
				CLANG_WARN_ENUM_CONVERSION = YES;
				CLANG_WARN_INFINITE_RECURSION = YES;
				CLANG_WARN_INT_CONVERSION = YES;
				CLANG_WARN_OBJC_ROOT_CLASS = YES_ERROR;
				CLANG_WARN_SUSPICIOUS_MOVE = YES;
				CLANG_WARN_UNREACHABLE_CODE = YES;
				CLANG_WARN__DUPLICATE_METHOD_MATCH = YES;
				"CODE_SIGN_IDENTITY[sdk=iphoneos*]" = "iPhone Developer";
				COPY_PHASE_STRIP = NO;
				DEBUG_INFORMATION_FORMAT = dwarf;
				ENABLE_BITCODE = NO;
				ENABLE_STRICT_OBJC_MSGSEND = YES;
				ENABLE_TESTABILITY = YES;
				GCC_C_LANGUAGE_STANDARD = gnu99;
				GCC_DYNAMIC_NO_PIC = NO;
				GCC_NO_COMMON_BLOCKS = YES;
				GCC_OPTIMIZATION_LEVEL = 0;
				GCC_PREPROCESSOR_DEFINITIONS = (
					"DEBUG=1",
					"$(inherited)",
				);
				GCC_WARN_64_TO_32_BIT_CONVERSION = YES;
				GCC_WARN_ABOUT_RETURN_TYPE = YES_ERROR;
				GCC_WARN_UNDECLARED_SELECTOR = YES;
				GCC_WARN_UNINITIALIZED_AUTOS = YES_AGGRESSIVE;
				GCC_WARN_UNUSED_FUNCTION = YES;
				GCC_WARN_UNUSED_VARIABLE = YES;
				IPHONEOS_DEPLOYMENT_TARGET = 10.0;
				LD_NO_PIE = YES;
				MTL_ENABLE_DEBUG_INFO = YES;
				ONLY_ACTIVE_ARCH = YES;
				SDKROOT = iphoneos;
				TARGETED_DEVICE_FAMILY = "1,2";
			};
			name = Debug;
		};
		EA9900F91E1E9F060056FEBD /* Release */ = {
			isa = XCBuildConfiguration;
			buildSettings = {
				ALWAYS_SEARCH_USER_PATHS = NO;
				ARCHS = armv7;
				CLANG_ANALYZER_NONNULL = YES;
				CLANG_CXX_LANGUAGE_STANDARD = "gnu++0x";
				CLANG_CXX_LIBRARY = "libc++";
				CLANG_ENABLE_MODULES = YES;
				CLANG_ENABLE_OBJC_ARC = YES;
				CLANG_WARN_BOOL_CONVERSION = YES;
				CLANG_WARN_CONSTANT_CONVERSION = YES;
				CLANG_WARN_DIRECT_OBJC_ISA_USAGE = YES_ERROR;
				CLANG_WARN_DOCUMENTATION_COMMENTS = YES;
				CLANG_WARN_EMPTY_BODY = YES;
				CLANG_WARN_ENUM_CONVERSION = YES;
				CLANG_WARN_INFINITE_RECURSION = YES;
				CLANG_WARN_INT_CONVERSION = YES;
				CLANG_WARN_OBJC_ROOT_CLASS = YES_ERROR;
				CLANG_WARN_SUSPICIOUS_MOVE = YES;
				CLANG_WARN_UNREACHABLE_CODE = YES;
				CLANG_WARN__DUPLICATE_METHOD_MATCH = YES;
				"CODE_SIGN_IDENTITY[sdk=iphoneos*]" = "iPhone Developer";
				COPY_PHASE_STRIP = NO;
				DEBUG_INFORMATION_FORMAT = "dwarf-with-dsym";
				ENABLE_BITCODE = NO;
				ENABLE_NS_ASSERTIONS = NO;
				ENABLE_STRICT_OBJC_MSGSEND = YES;
				GCC_C_LANGUAGE_STANDARD = gnu99;
				GCC_NO_COMMON_BLOCKS = YES;
				GCC_WARN_64_TO_32_BIT_CONVERSION = YES;
				GCC_WARN_ABOUT_RETURN_TYPE = YES_ERROR;
				GCC_WARN_UNDECLARED_SELECTOR = YES;
				GCC_WARN_UNINITIALIZED_AUTOS = YES_AGGRESSIVE;
				GCC_WARN_UNUSED_FUNCTION = YES;
				GCC_WARN_UNUSED_VARIABLE = YES;
				IPHONEOS_DEPLOYMENT_TARGET = 10.0;
				LD_NO_PIE = YES;
				MTL_ENABLE_DEBUG_INFO = NO;
				SDKROOT = iphoneos;
				TARGETED_DEVICE_FAMILY = "1,2";
				VALIDATE_PRODUCT = YES;
			};
			name = Release;
		};
		EA9900FB1E1E9F060056FEBD /* Debug */ = {
			isa = XCBuildConfiguration;
			buildSettings = {
				ARCHS = armv7;
				ASSETCATALOG_COMPILER_APPICON_NAME = AppIcon;
				CLANG_ENABLE_MODULES = YES;
				CLANG_ENABLE_OBJC_ARC = NO;
				DEVELOPMENT_TEAM = SJDBF6FZ2C;
				GCC_ENABLE_OBJC_EXCEPTIONS = NO;
				GCC_SYMBOLS_PRIVATE_EXTERN = NO;
				INFOPLIST_FILE = yalu102/Info.plist;
				KEEP_PRIVATE_EXTERNS = NO;
				LD_RUNPATH_SEARCH_PATHS = "$(inherited) @executable_path/Frameworks";
				LIBRARY_SEARCH_PATHS = (
					"$(inherited)",
					"$(PROJECT_DIR)/yalu102",
				);
				PRODUCT_BUNDLE_IDENTIFIER = couk.mullak99.yalu102;
				PRODUCT_NAME = "$(TARGET_NAME)";
				STRIP_STYLE = all;
				SWIFT_ACTIVE_COMPILATION_CONDITIONS = DEBUG;
				SWIFT_OBJC_BRIDGING_HEADER = "yalu102/yalu102-Bridging-Header.h";
				SWIFT_OPTIMIZATION_LEVEL = "-Onone";
				SWIFT_VERSION = 3.0;
				VALID_ARCHS = armv7;
			};
			name = Debug;
		};
		EA9900FC1E1E9F060056FEBD /* Release */ = {
			isa = XCBuildConfiguration;
			buildSettings = {
				ARCHS = armv7;
				ASSETCATALOG_COMPILER_APPICON_NAME = AppIcon;
				CLANG_ENABLE_MODULES = YES;
				CLANG_ENABLE_OBJC_ARC = NO;
				DEVELOPMENT_TEAM = SJDBF6FZ2C;
				GCC_ENABLE_OBJC_EXCEPTIONS = NO;
				GCC_SYMBOLS_PRIVATE_EXTERN = NO;
				INFOPLIST_FILE = yalu102/Info.plist;
				KEEP_PRIVATE_EXTERNS = NO;
				LD_RUNPATH_SEARCH_PATHS = "$(inherited) @executable_path/Frameworks";
				LIBRARY_SEARCH_PATHS = (
					"$(inherited)",
					"$(PROJECT_DIR)/yalu102",
				);
				PRODUCT_BUNDLE_IDENTIFIER = couk.mullak99.yalu102;
				PRODUCT_NAME = "$(TARGET_NAME)";
				STRIP_STYLE = all;
				SWIFT_OBJC_BRIDGING_HEADER = "yalu102/yalu102-Bridging-Header.h";
				SWIFT_VERSION = 3.0;
				VALID_ARCHS = armv7;
			};
			name = Release;
		};
/* End XCBuildConfiguration section */

/* Begin XCConfigurationList section */
		EA9900DE1E1E9F060056FEBD /* Build configuration list for PBXProject "yalu102" */ = {
			isa = XCConfigurationList;
			buildConfigurations = (
				EA9900F81E1E9F060056FEBD /* Debug */,
				EA9900F91E1E9F060056FEBD /* Release */,
			);
			defaultConfigurationIsVisible = 0;
			defaultConfigurationName = Release;
		};
		EA9900FA1E1E9F060056FEBD /* Build configuration list for PBXNativeTarget "yalu102" */ = {
			isa = XCConfigurationList;
			buildConfigurations = (
				EA9900FB1E1E9F060056FEBD /* Debug */,
				EA9900FC1E1E9F060056FEBD /* Release */,
			);
			defaultConfigurationIsVisible = 0;
			defaultConfigurationName = Release;
		};
/* End XCConfigurationList section */
	};
	rootObject = EA9900DB1E1E9F060056FEBD /* Project object */;
}
